
Microsoft Visual Studio Solution File, Format Version 12.00
# Visual Studio Version 17
VisualStudioVersion = 17.4.33213.308
MinimumVisualStudioVersion = 10.0.40219.1
Project("{9A19103F-16F7-4668-BE54-9A1E7A4F7556}") = "MagicVilla_VillaAPI", "MagicVilla_VillaAPI\MagicVilla_VillaAPI.csproj", "{D8BA4920-1142-490C-BDD3-464EACBF7EE6}"
EndProject
Project("{9A19103F-16F7-4668-BE54-9A1E7A4F7556}") = "MagicVilla_Web", "MagicVilla_Web\MagicVilla_Web.csproj", "{4B1F3096-A45B-4172-989A-3EF3D1F3DD09}"
EndProject
Project("{9A19103F-16F7-4668-BE54-9A1E7A4F7556}") = "MagicVilla_Utility", "MagicVilla_Utility\MagicVilla_Utility.csproj", "{951F8566-23B2-465C-874F-8FA9618DB742}"
EndProject
Global
	GlobalSection(SolutionConfigurationPlatforms) = preSolution
		Debug|Any CPU = Debug|Any CPU
		Release|Any CPU = Release|Any CPU
	EndGlobalSection
	GlobalSection(ProjectConfigurationPlatforms) = postSolution
		{D8BA4920-1142-490C-BDD3-464EACBF7EE6}.Debug|Any CPU.ActiveCfg = Debug|Any CPU
		{D8BA4920-1142-490C-BDD3-464EACBF7EE6}.Debug|Any CPU.Build.0 = Debug|Any CPU
		{D8BA4920-1142-490C-BDD3-464EACBF7EE6}.Release|Any CPU.ActiveCfg = Release|Any CPU
		{D8BA4920-1142-490C-BDD3-464EACBF7EE6}.Release|Any CPU.Build.0 = Release|Any CPU
		{4B1F3096-A45B-4172-989A-3EF3D1F3DD09}.Debug|Any CPU.ActiveCfg = Debug|Any CPU
		{4B1F3096-A45B-4172-989A-3EF3D1F3DD09}.Debug|Any CPU.Build.0 = Debug|Any CPU
		{4B1F3096-A45B-4172-989A-3EF3D1F3DD09}.Release|Any CPU.ActiveCfg = Release|Any CPU
		{4B1F3096-A45B-4172-989A-3EF3D1F3DD09}.Release|Any CPU.Build.0 = Release|Any CPU
		{951F8566-23B2-465C-874F-8FA9618DB742}.Debug|Any CPU.ActiveCfg = Debug|Any CPU
		{951F8566-23B2-465C-874F-8FA9618DB742}.Debug|Any CPU.Build.0 = Debug|Any CPU
		{951F8566-23B2-465C-874F-8FA9618DB742}.Release|Any CPU.ActiveCfg = Release|Any CPU
		{951F8566-23B2-465C-874F-8FA9618DB742}.Release|Any CPU.Build.0 = Release|Any CPU
	EndGlobalSection
	GlobalSection(SolutionProperties) = preSolution
		HideSolutionNode = FALSE
	EndGlobalSection
	GlobalSection(ExtensibilityGlobals) = postSolution
		SolutionGuid = {8A313925-0633-4CB5-B6D0-D5E17C8519D3}
	EndGlobalSection
EndGlobal
